# THIS IS AN AUTOGENERATED FILE. DO NOT EDIT THIS FILE DIRECTLY.
# yarn lockfile v1


"@babel/runtime@^7.20.13":
  version "7.21.5"
  resolved "https://registry.yarnpkg.com/@babel/runtime/-/runtime-7.21.5.tgz#8492dddda9644ae3bda3b45eabe87382caee7200"
  integrity sha512-8jI69toZqqcsnqGGqwGS4Qb1VwLOEp4hz+CXPywcvjs60u3B4Pom/U/7rm4W8tMOYEB+E9wgD0mW1l3r8qlI9Q==
  dependencies:
    regenerator-runtime "^0.13.11"

"@next-auth/prisma-adapter@^1.0.6":
  version "1.0.6"
  resolved "https://registry.yarnpkg.com/@next-auth/prisma-adapter/-/prisma-adapter-1.0.6.tgz#da0a423c9cfaaa4d22421817546b62d964ae8f4e"
  integrity sha512-Z7agwfSZEeEcqKqrnisBun7VndRPshd6vyDsoRU68MXbkui8storkHgvN2hnNDrqr/hSCF9aRn56a1qpihaB4A==

"@next/env@13.3.1":
  version "13.3.1"
  resolved "https://registry.yarnpkg.com/@next/env/-/env-13.3.1.tgz#589707043065f6b71d411ed9b8f1ffd057c0fd4a"
  integrity sha512-EDtCoedIZC7JlUQ3uaQpSc4aVmyhbLHmQVALg7pFfQgOTjgSnn7mKtA0DiCMkYvvsx6aFb5octGMtWrOtGXW9A==

"@next/swc-darwin-arm64@13.3.1":
  version "13.3.1"
  resolved "https://registry.yarnpkg.com/@next/swc-darwin-arm64/-/swc-darwin-arm64-13.3.1.tgz#2c9719dd10a9cdf63bf50a7576b05dcf78999fe8"
  integrity sha512-UXPtriEc/pBP8luSLSCZBcbzPeVv+SSjs9cH/KygTbhmACye8/OOXRZO13Z2Wq1G0gLmEAIHQAOuF+vafPd2lw==

"@next/swc-darwin-x64@13.3.1":
  version "13.3.1"
  resolved "https://registry.yarnpkg.com/@next/swc-darwin-x64/-/swc-darwin-x64-13.3.1.tgz#0be90342c89e53a390ccd9bece15f7f5cd480049"
  integrity sha512-lT36yYxosCfLtplFzJWgo0hrPu6/do8+msgM7oQkPeohDNdhjtjFUgOOwdSnPublLR6Mo2Ym4P/wl5OANuD2bw==

"@next/swc-linux-arm64-gnu@13.3.1":
  version "13.3.1"
  resolved "https://registry.yarnpkg.com/@next/swc-linux-arm64-gnu/-/swc-linux-arm64-gnu-13.3.1.tgz#a7353265839f8b8569a346a444dc3ab3770d297e"
  integrity sha512-wRb76nLWJhonH8s3kxC/1tFguEkeOPayIwe9mkaz1G/yeS3OrjeyKMJsb4+Kdg0zbTo53bNCOl59NNtDM7yyyw==

"@next/swc-linux-arm64-musl@13.3.1":
  version "13.3.1"
  resolved "https://registry.yarnpkg.com/@next/swc-linux-arm64-musl/-/swc-linux-arm64-musl-13.3.1.tgz#24552e6102c350e372f83f505a1d93c880551a50"
  integrity sha512-qz3BzjJRZ16Iq/jrp+pjiYOc0jTjHlfmxQmZk9x/+5uhRP6/eWQSTAPVJ33BMo6oK5O5N4644OgTAbzXzorecg==

"@next/swc-linux-x64-gnu@13.3.1":
  version "13.3.1"
  resolved "https://registry.yarnpkg.com/@next/swc-linux-x64-gnu/-/swc-linux-x64-gnu-13.3.1.tgz#5f335a683b6eafa52307b12af97782993b6c45ff"
  integrity sha512-6mgkLmwlyWlomQmpl21I3hxgqE5INoW4owTlcLpNsd1V4wP+J46BlI/5zV5KWWbzjfncIqzXoeGs5Eg+1GHODA==

"@next/swc-linux-x64-musl@13.3.1":
  version "13.3.1"
  resolved "https://registry.yarnpkg.com/@next/swc-linux-x64-musl/-/swc-linux-x64-musl-13.3.1.tgz#58e5aad6f97203a0788783f66324456c8f9cdb50"
  integrity sha512-uqm5sielhQmKJM+qayIhgZv1KlS5pqTdQ99b+Z7hMWryXS96qE0DftTmMZowBcUL6x7s2vSXyH5wPtO1ON7LBg==

"@next/swc-win32-arm64-msvc@13.3.1":
  version "13.3.1"
  resolved "https://registry.yarnpkg.com/@next/swc-win32-arm64-msvc/-/swc-win32-arm64-msvc-13.3.1.tgz#f8ed1badab57ed4503969758754e6fb0cf326753"
  integrity sha512-WomIiTj/v3LevltlibNQKmvrOymNRYL+a0dp5R73IwPWN5FvXWwSELN/kiNALig/+T3luc4qHNTyvMCp9L6U5Q==

"@next/swc-win32-ia32-msvc@13.3.1":
  version "13.3.1"
  resolved "https://registry.yarnpkg.com/@next/swc-win32-ia32-msvc/-/swc-win32-ia32-msvc-13.3.1.tgz#7f599c8975b09ee5527cc49b9e5a4d13be50635a"
  integrity sha512-M+PoH+0+q658wRUbs285RIaSTYnGBSTdweH/0CdzDgA6Q4rBM0sQs4DHmO3BPP0ltCO/vViIoyG7ks66XmCA5g==

"@next/swc-win32-x64-msvc@13.3.1":
  version "13.3.1"
  resolved "https://registry.yarnpkg.com/@next/swc-win32-x64-msvc/-/swc-win32-x64-msvc-13.3.1.tgz#192d43ab44ebb98bd4f5865d0e1d7ce62703182f"
  integrity sha512-Sl1F4Vp5Z1rNXWZYqJwMuWRRol4bqOB6+/d7KqkgQ4AcafKPN1PZmpkCoxv4UFHtFNIB7EotnuIhtXu3zScicQ==

"@panva/hkdf@^1.0.2":
  version "1.1.1"
  resolved "https://registry.yarnpkg.com/@panva/hkdf/-/hkdf-1.1.1.tgz#ab9cd8755d1976e72fc77a00f7655a64efe6cd5d"
  integrity sha512-dhPeilub1NuIG0X5Kvhh9lH4iW3ZsHlnzwgwbOlgwQ2wG1IqFzsgHqmKPk3WzsdWAeaxKJxgM0+W433RmN45GA==

"@prisma/client@^4.13.0":
  version "4.13.0"
  resolved "https://registry.yarnpkg.com/@prisma/client/-/client-4.13.0.tgz#271d2b9756503ea17bbdb459c7995536cf2a6191"
  integrity sha512-YaiiICcRB2hatxsbnfB66uWXjcRw3jsZdlAVxmx0cFcTc/Ad/sKdHCcWSnqyDX47vAewkjRFwiLwrOUjswVvmA==
  dependencies:
    "@prisma/engines-version" "4.13.0-50.1e7af066ee9cb95cf3a403c78d9aab3e6b04f37a"

"@prisma/engines-version@4.13.0-50.1e7af066ee9cb95cf3a403c78d9aab3e6b04f37a":
  version "4.13.0-50.1e7af066ee9cb95cf3a403c78d9aab3e6b04f37a"
  resolved "https://registry.yarnpkg.com/@prisma/engines-version/-/engines-version-4.13.0-50.1e7af066ee9cb95cf3a403c78d9aab3e6b04f37a.tgz#ae338908d11685dee50e7683502d75442b955bf9"
  integrity sha512-fsQlbkhPJf08JOzKoyoD9atdUijuGBekwoOPZC3YOygXEml1MTtgXVpnUNchQlRSY82OQ6pSGQ9PxUe4arcSLQ==

"@prisma/engines@4.13.0":
  version "4.13.0"
  resolved "https://registry.yarnpkg.com/@prisma/engines/-/engines-4.13.0.tgz#582a6b90b6efeb0f465984f1fe0e72a4afaaa5ae"
  integrity sha512-HrniowHRZXHuGT9XRgoXEaP2gJLXM5RMoItaY2PkjvuZ+iHc0Zjbm/302MB8YsPdWozAPHHn+jpFEcEn71OgPw==

"@swc/helpers@0.5.0":
  version "0.5.0"
  resolved "https://registry.yarnpkg.com/@swc/helpers/-/helpers-0.5.0.tgz#bf1d807b60f7290d0ec763feea7ccdeda06e85f1"
  integrity sha512-SjY/p4MmECVVEWspzSRpQEM3sjR17sP8PbGxELWrT+YZMBfiUyt1MRUNjMV23zohwlG2HYtCQOsCwsTHguXkyg==
  dependencies:
    tslib "^2.4.0"

"@types/node@18.16.1":
  version "18.16.1"
  resolved "https://registry.yarnpkg.com/@types/node/-/node-18.16.1.tgz#5db121e9c5352925bb1f1b892c4ae620e3526799"
  integrity sha512-DZxSZWXxFfOlx7k7Rv4LAyiMroaxa3Ly/7OOzZO8cBNho0YzAi4qlbrx8W27JGqG57IgR/6J7r+nOJWw6kcvZA==

"@types/prop-types@*":
  version "15.7.5"
  resolved "https://registry.yarnpkg.com/@types/prop-types/-/prop-types-15.7.5.tgz#5f19d2b85a98e9558036f6a3cacc8819420f05cf"
  integrity sha512-JCB8C6SnDoQf0cNycqd/35A7MjcnK+ZTqE7judS6o7utxUCg6imJg3QK2qzHKszlTjcj2cn+NwMB2i96ubpj7w==

"@types/react-dom@18.2.1":
  version "18.2.1"
  resolved "https://registry.yarnpkg.com/@types/react-dom/-/react-dom-18.2.1.tgz#663b2612feb5f6431a70207430d7c04881b87f29"
  integrity sha512-8QZEV9+Kwy7tXFmjJrp3XUKQSs9LTnE0KnoUb0YCguWBiNW0Yfb2iBMYZ08WPg35IR6P3Z0s00B15SwZnO26+w==
  dependencies:
    "@types/react" "*"

"@types/react@*":
  version "18.2.5"
  resolved "https://registry.yarnpkg.com/@types/react/-/react-18.2.5.tgz#f9403e1113b12b53f7edcdd9a900c10dd4b49a59"
  integrity sha512-RuoMedzJ5AOh23Dvws13LU9jpZHIc/k90AgmK7CecAYeWmSr3553L4u5rk4sWAPBuQosfT7HmTfG4Rg5o4nGEA==
  dependencies:
    "@types/prop-types" "*"
    "@types/scheduler" "*"
    csstype "^3.0.2"

"@types/react@18.2.0":
  version "18.2.0"
  resolved "https://registry.yarnpkg.com/@types/react/-/react-18.2.0.tgz#15cda145354accfc09a18d2f2305f9fc099ada21"
  integrity sha512-0FLj93y5USLHdnhIhABk83rm8XEGA7kH3cr+YUlvxoUGp1xNt/DINUMvqPxLyOQMzLmZe8i4RTHbvb8MC7NmrA==
  dependencies:
    "@types/prop-types" "*"
    "@types/scheduler" "*"
    csstype "^3.0.2"

"@types/scheduler@*":
  version "0.16.3"
  resolved "https://registry.yarnpkg.com/@types/scheduler/-/scheduler-0.16.3.tgz#cef09e3ec9af1d63d2a6cc5b383a737e24e6dcf5"
  integrity sha512-5cJ8CB4yAx7BH1oMvdU0Jh9lrEXyPkar6F9G/ERswkCuvP4KQZfZkSjcMbAICCpQTN4OuZn8tz0HiKv9TGZgrQ==

busboy@1.6.0:
  version "1.6.0"
  resolved "https://registry.yarnpkg.com/busboy/-/busboy-1.6.0.tgz#966ea36a9502e43cdb9146962523b92f531f6893"
  integrity sha512-8SFQbg/0hQ9xy3UNTB0YEnsNBbWfhf7RtnzpL7TkBiTBRfrQ9Fxcnz7VJsleJpyp6rVLvXiuORqjlHi5q+PYuA==
  dependencies:
    streamsearch "^1.1.0"

caniuse-lite@^1.0.30001406:
  version "1.0.30001482"
  resolved "https://registry.yarnpkg.com/caniuse-lite/-/caniuse-lite-1.0.30001482.tgz#8b3fad73dc35b2674a5c96df2d4f9f1c561435de"
  integrity sha512-F1ZInsg53cegyjroxLNW9DmrEQ1SuGRTO1QlpA0o2/6OpQ0gFeDRoq1yFmnr8Sakn9qwwt9DmbxHB6w167OSuQ==

client-only@0.0.1:
  version "0.0.1"
  resolved "https://registry.yarnpkg.com/client-only/-/client-only-0.0.1.tgz#38bba5d403c41ab150bff64a95c85013cf73bca1"
  integrity sha512-IV3Ou0jSMzZrd3pZ48nLkT9DA7Ag1pnPzaiQhpW7c3RbcqqzvzzVu+L8gfqMp/8IM2MQtSiqaCxrrcfu8I8rMA==

cookie@^0.5.0:
  version "0.5.0"
  resolved "https://registry.yarnpkg.com/cookie/-/cookie-0.5.0.tgz#d1f5d71adec6558c58f389987c366aa47e994f8b"
  integrity sha512-YZ3GUyn/o8gfKJlnlX7g7xq4gyO6OSuhGPKaaGssGB2qgDUS0gPgtTvoyZLTt9Ab6dC4hfc9dV5arkvc/OCmrw==

csstype@^3.0.2:
  version "3.1.2"
  resolved "https://registry.yarnpkg.com/csstype/-/csstype-3.1.2.tgz#1d4bf9d572f11c14031f0436e1c10bc1f571f50b"
  integrity sha512-I7K1Uu0MBPzaFKg4nI5Q7Vs2t+3gWWW648spaF+Rg7pI9ds18Ugn+lvg4SHczUdKlHI5LWBXyqfS8+DufyBsgQ==

jose@^4.11.4, jose@^4.14.1:
  version "4.14.4"
  resolved "https://registry.yarnpkg.com/jose/-/jose-4.14.4.tgz#59e09204e2670c3164ee24cbfe7115c6f8bff9ca"
  integrity sha512-j8GhLiKmUAh+dsFXlX1aJCbt5KMibuKb+d7j1JaOJG6s2UjX1PQlW+OKB/sD4a/5ZYF4RcmYmLSndOoU3Lt/3g==

"js-tokens@^3.0.0 || ^4.0.0":
  version "4.0.0"
  resolved "https://registry.yarnpkg.com/js-tokens/-/js-tokens-4.0.0.tgz#19203fb59991df98e3a287050d4647cdeaf32499"
  integrity sha512-RdJUflcE3cUzKiMqQgsCu06FPu9UdIJO0beYbPhHN4k6apgJtifcoCtT9bcxOpYBtpD2kCM6Sbzg4CausW/PKQ==

loose-envify@^1.1.0:
  version "1.4.0"
  resolved "https://registry.yarnpkg.com/loose-envify/-/loose-envify-1.4.0.tgz#71ee51fa7be4caec1a63839f7e682d8132d30caf"
  integrity sha512-lyuxPGr/Wfhrlem2CL/UcnUc1zcqKAImBDzukY7Y5F/yQiNdko6+fRLevlw1HgMySw7f611UIY408EtxRSoK3Q==
  dependencies:
    js-tokens "^3.0.0 || ^4.0.0"

lru-cache@^6.0.0:
  version "6.0.0"
  resolved "https://registry.yarnpkg.com/lru-cache/-/lru-cache-6.0.0.tgz#6d6fe6570ebd96aaf90fcad1dafa3b2566db3a94"
  integrity sha512-Jo6dJ04CmSjuznwJSS3pUeWmd/H0ffTlkXXgwZi+eq1UCmqQwCh+eLsYOYCwY991i2Fah4h1BEMCx4qThGbsiA==
  dependencies:
    yallist "^4.0.0"

nanoid@^3.3.4:
  version "3.3.6"
  resolved "https://registry.yarnpkg.com/nanoid/-/nanoid-3.3.6.tgz#443380c856d6e9f9824267d960b4236ad583ea4c"
  integrity sha512-BGcqMMJuToF7i1rt+2PWSNVnWIkGCU78jBG3RxO/bZlnZPK2Cmi2QaffxGO/2RvWi9sL+FAiRiXMgsyxQ1DIDA==

next-auth@^4.22.1:
  version "4.22.1"
  resolved "https://registry.yarnpkg.com/next-auth/-/next-auth-4.22.1.tgz#1ea5084e38867966dc6492a71c6729c8f5cfa96b"
  integrity sha512-NTR3f6W7/AWXKw8GSsgSyQcDW6jkslZLH8AiZa5PQ09w1kR8uHtR9rez/E9gAq/o17+p0JYHE8QjF3RoniiObA==
  dependencies:
    "@babel/runtime" "^7.20.13"
    "@panva/hkdf" "^1.0.2"
    cookie "^0.5.0"
    jose "^4.11.4"
    oauth "^0.9.15"
    openid-client "^5.4.0"
    preact "^10.6.3"
    preact-render-to-string "^5.1.19"
    uuid "^8.3.2"

next@13.3.1:
  version "13.3.1"
  resolved "https://registry.yarnpkg.com/next/-/next-13.3.1.tgz#17625f7423db2e059d71b41bd9031756cf2b33bc"
  integrity sha512-eByWRxPzKHs2oQz1yE41LX35umhz86ZSZ+mYyXBqn2IBi2hyUqxBA88avywdr4uyH+hCJczegGsDGWbzQA5Rqw==
  dependencies:
    "@next/env" "13.3.1"
    "@swc/helpers" "0.5.0"
    busboy "1.6.0"
    caniuse-lite "^1.0.30001406"
    postcss "8.4.14"
    styled-jsx "5.1.1"
  optionalDependencies:
    "@next/swc-darwin-arm64" "13.3.1"
    "@next/swc-darwin-x64" "13.3.1"
    "@next/swc-linux-arm64-gnu" "13.3.1"
    "@next/swc-linux-arm64-musl" "13.3.1"
    "@next/swc-linux-x64-gnu" "13.3.1"
    "@next/swc-linux-x64-musl" "13.3.1"
    "@next/swc-win32-arm64-msvc" "13.3.1"
    "@next/swc-win32-ia32-msvc" "13.3.1"
    "@next/swc-win32-x64-msvc" "13.3.1"

oauth@^0.9.15:
  version "0.9.15"
  resolved "https://registry.yarnpkg.com/oauth/-/oauth-0.9.15.tgz#bd1fefaf686c96b75475aed5196412ff60cfb9c1"
  integrity sha512-a5ERWK1kh38ExDEfoO6qUHJb32rd7aYmPHuyCu3Fta/cnICvYmgd2uhuKXvPD+PXB+gCEYYEaQdIRAjCOwAKNA==

object-hash@^2.2.0:
  version "2.2.0"
  resolved "https://registry.yarnpkg.com/object-hash/-/object-hash-2.2.0.tgz#5ad518581eefc443bd763472b8ff2e9c2c0d54a5"
  integrity sha512-gScRMn0bS5fH+IuwyIFgnh9zBdo4DV+6GhygmWM9HyNJSgS0hScp1f5vjtm7oIIOiT9trXrShAkLFSc2IqKNgw==

oidc-token-hash@^5.0.3:
  version "5.0.3"
  resolved "https://registry.yarnpkg.com/oidc-token-hash/-/oidc-token-hash-5.0.3.tgz#9a229f0a1ce9d4fc89bcaee5478c97a889e7b7b6"
  integrity sha512-IF4PcGgzAr6XXSff26Sk/+P4KZFJVuHAJZj3wgO3vX2bMdNVp/QXTP3P7CEm9V1IdG8lDLY3HhiqpsE/nOwpPw==

openid-client@^5.4.0:
  version "5.4.2"
  resolved "https://registry.yarnpkg.com/openid-client/-/openid-client-5.4.2.tgz#8692bcc2a40ef3426c5ba5c11f7493599e93ccc7"
  integrity sha512-lIhsdPvJ2RneBm3nGBBhQchpe3Uka//xf7WPHTIglery8gnckvW7Bd9IaQzekzXJvWthCMyi/xVEyGW0RFPytw==
  dependencies:
    jose "^4.14.1"
    lru-cache "^6.0.0"
    object-hash "^2.2.0"
    oidc-token-hash "^5.0.3"

picocolors@^1.0.0:
  version "1.0.0"
  resolved "https://registry.yarnpkg.com/picocolors/-/picocolors-1.0.0.tgz#cb5bdc74ff3f51892236eaf79d68bc44564ab81c"
  integrity sha512-1fygroTLlHu66zi26VoTDv8yRgm0Fccecssto+MhsZ0D/DGW2sm8E8AjW7NU5VVTRt5GxbeZ5qBuJr+HyLYkjQ==

postcss@8.4.14:
  version "8.4.14"
  resolved "https://registry.yarnpkg.com/postcss/-/postcss-8.4.14.tgz#ee9274d5622b4858c1007a74d76e42e56fd21caf"
  integrity sha512-E398TUmfAYFPBSdzgeieK2Y1+1cpdxJx8yXbK/m57nRhKSmk1GB2tO4lbLBtlkfPQTDKfe4Xqv1ASWPpayPEig==
  dependencies:
    nanoid "^3.3.4"
    picocolors "^1.0.0"
    source-map-js "^1.0.2"

postgres@^3.3.4:
  version "3.3.4"
  resolved "https://registry.yarnpkg.com/postgres/-/postgres-3.3.4.tgz#09635eb9fae26dd449db9b1bd3956ef56c5b78fa"
  integrity sha512-XVu0+d/Y56pl2lSaf0c7V19AhAEfpVrhID1IENWN8nf0xch6hFq6dAov5dtUX6ZD46wfr1TxvLhxLtV8WnNsOg==

preact-render-to-string@^5.1.19:
  version "5.2.6"
  resolved "https://registry.yarnpkg.com/preact-render-to-string/-/preact-render-to-string-5.2.6.tgz#0ff0c86cd118d30affb825193f18e92bd59d0604"
  integrity sha512-JyhErpYOvBV1hEPwIxc/fHWXPfnEGdRKxc8gFdAZ7XV4tlzyzG847XAyEZqoDnynP88akM4eaHcSOzNcLWFguw==
  dependencies:
    pretty-format "^3.8.0"

preact@^10.6.3:
  version "10.13.2"
  resolved "https://registry.yarnpkg.com/preact/-/preact-10.13.2.tgz#2c40c73d57248b57234c4ae6cd9ab9d8186ebc0a"
  integrity sha512-q44QFLhOhty2Bd0Y46fnYW0gD/cbVM9dUVtNTDKPcdXSMA7jfY+Jpd6rk3GB0lcQss0z5s/6CmVP0Z/hV+g6pw==

pretty-format@^3.8.0:
  version "3.8.0"
  resolved "https://registry.yarnpkg.com/pretty-format/-/pretty-format-3.8.0.tgz#bfbed56d5e9a776645f4b1ff7aa1a3ac4fa3c385"
  integrity sha512-WuxUnVtlWL1OfZFQFuqvnvs6MiAGk9UNsBostyBOB0Is9wb5uRESevA6rnl/rkksXaGX3GzZhPup5d6Vp1nFew==

prisma@^4.13.0:
  version "4.13.0"
  resolved "https://registry.yarnpkg.com/prisma/-/prisma-4.13.0.tgz#0b83f40acf50cd47d7463a135c4e9b275713e602"
  integrity sha512-L9mqjnSmvWIRCYJ9mQkwCtj4+JDYYTdhoyo8hlsHNDXaZLh/b4hR0IoKIBbTKxZuyHQzLopb/+0Rvb69uGV7uA==
  dependencies:
    "@prisma/engines" "4.13.0"

react-dom@18.2.0:
  version "18.2.0"
  resolved "https://registry.yarnpkg.com/react-dom/-/react-dom-18.2.0.tgz#22aaf38708db2674ed9ada224ca4aa708d821e3d"
  integrity sha512-6IMTriUmvsjHUjNtEDudZfuDQUoWXVxKHhlEGSk81n4YFS+r/Kl99wXiwlVXtPBtJenozv2P+hxDsw9eA7Xo6g==
  dependencies:
    loose-envify "^1.1.0"
    scheduler "^0.23.0"

react@18.2.0:
  version "18.2.0"
  resolved "https://registry.yarnpkg.com/react/-/react-18.2.0.tgz#555bd98592883255fa00de14f1151a917b5d77d5"
  integrity sha512-/3IjMdb2L9QbBdWiW5e3P2/npwMBaU9mHCSCUzNln0ZCYbcfTsGbTJrU/kGemdH2IWmB2ioZ+zkxtmq6g09fGQ==
  dependencies:
    loose-envify "^1.1.0"

regenerator-runtime@^0.13.11:
  version "0.13.11"
  resolved "https://registry.yarnpkg.com/regenerator-runtime/-/regenerator-runtime-0.13.11.tgz#f6dca3e7ceec20590d07ada785636a90cdca17f9"
  integrity sha512-kY1AZVr2Ra+t+piVaJ4gxaFaReZVH40AKNo7UCX6W+dEwBo/2oZJzqfuN1qLq1oL45o56cPaTXELwrTh8Fpggg==

scheduler@^0.23.0:
  version "0.23.0"
  resolved "https://registry.yarnpkg.com/scheduler/-/scheduler-0.23.0.tgz#ba8041afc3d30eb206a487b6b384002e4e61fdfe"
  integrity sha512-CtuThmgHNg7zIZWAXi3AsyIzA3n4xx7aNyjwC2VJldO2LMVDhFK+63xGqq6CsJH4rTAt6/M+N4GhZiDYPx9eUw==
  dependencies:
    loose-envify "^1.1.0"

source-map-js@^1.0.2:
  version "1.0.2"
  resolved "https://registry.yarnpkg.com/source-map-js/-/source-map-js-1.0.2.tgz#adbc361d9c62df380125e7f161f71c826f1e490c"
  integrity sha512-R0XvVJ9WusLiqTCEiGCmICCMplcCkIwwR11mOSD9CR5u+IXYdiseeEuXCVAjS54zqwkLcPNnmU4OeJ6tUrWhDw==

streamsearch@^1.1.0:
  version "1.1.0"
  resolved "https://registry.yarnpkg.com/streamsearch/-/streamsearch-1.1.0.tgz#404dd1e2247ca94af554e841a8ef0eaa238da764"
  integrity sha512-Mcc5wHehp9aXz1ax6bZUyY5afg9u2rv5cqQI3mRrYkGC8rW2hM02jWuwjtL++LS5qinSyhj2QfLyNsuc+VsExg==

styled-jsx@5.1.1:
  version "5.1.1"
  resolved "https://registry.yarnpkg.com/styled-jsx/-/styled-jsx-5.1.1.tgz#839a1c3aaacc4e735fed0781b8619ea5d0009d1f"
  integrity sha512-pW7uC1l4mBZ8ugbiZrcIsiIvVx1UmTfw7UkC3Um2tmfUq9Bhk8IiyEIPl6F8agHgjzku6j0xQEZbfA5uSgSaCw==
  dependencies:
    client-only "0.0.1"

tslib@^2.4.0:
  version "2.5.0"
  resolved "https://registry.yarnpkg.com/tslib/-/tslib-2.5.0.tgz#42bfed86f5787aeb41d031866c8f402429e0fddf"
  integrity sha512-336iVw3rtn2BUK7ORdIAHTyxHGRIHVReokCR3XjbckJMK7ms8FysBfhLR8IXnAgy7T0PTPNBWKiH514FOW/WSg==

typescript@5.0.4:
  version "5.0.4"
  resolved "https://registry.yarnpkg.com/typescript/-/typescript-5.0.4.tgz#b217fd20119bd61a94d4011274e0ab369058da3b"
  integrity sha512-cW9T5W9xY37cc+jfEnaUvX91foxtHkza3Nw3wkoF4sSlKn0MONdkdEndig/qPBWXNkmplh3NzayQzCiHM4/hqw==

uuid@^8.3.2:
  version "8.3.2"
  resolved "https://registry.yarnpkg.com/uuid/-/uuid-8.3.2.tgz#80d5b5ced271bb9af6c445f21a1a04c606cefbe2"
  integrity sha512-+NYs2QeMWy+GWFOEm9xnn6HCDp0l7QBD7ml8zLUmJ+93Q5NF0NocErnwkTkXVFNiX3/fpC6afS8Dhb/gz7R7eg==

yallist@^4.0.0:
  version "4.0.0"
  resolved "https://registry.yarnpkg.com/yallist/-/yallist-4.0.0.tgz#9bb92790d9c0effec63be73519e11a35019a3a72"
  integrity sha512-3wdGidZyq5PB084XLES5TpOSRA3wjXAlIWMhum2kRcv/41Sn2emQ0dycQW4uZXLejwKvg6EsvbdlVL+FYEct7A==
